<?xml version="1.0" encoding="utf-8"?>
<Project ToolsVersion="4.0" xmlns="http://schemas.microsoft.com/developer/msbuild/2003">
  <ItemGroup>
    <Filter Include="src">
      <UniqueIdentifier>{7bf87092-b712-46f1-9d7f-42a8cd1ee063}</UniqueIdentifier>
    </Filter>
  </ItemGroup>
  <ItemGroup>
    <None Include="appconfig.json" />
    <None Include="Makefile" />
  </ItemGroup>
  <ItemGroup>
    <ClCompile Include="src\config.cpp" />
    <ClCompile Include="src\main.cpp" />
    <ClCompile Include="src\event\EventQueue.cpp" />
    <ClCompile Include="src\state_machine\StateMachine.cpp" />
    <ClCompile Include="src\gate\Gate.cpp" />
    <ClCompile Include="src\utils\Timestamp.cpp" />
    <ClCompile Include="src\parking\Parking.cpp" />
    <ClCompile Include="src\logger\Logger.cpp" />
    <ClCompile Include="src\simulator\Simulator.cpp" />
  </ItemGroup>
  <ItemGroup>
    <ClInclude Include="src\config.h" />
    <ClInclude Include="src\event\Event.h" />
    <ClInclude Include="src\sensor\Sensor.h" />
    <ClInclude Include="src\event\EventQueue.h" />
    <ClInclude Include="src\state_machine\StateMachine.h" />
    <ClInclude Include="src\gate\Gate.h" />
    <ClInclude Include="src\utils\Timestamp.h" />
    <ClInclude Include="src\parking\Parking.h" />
    <ClInclude Include="src\logger\Logger.h" />
    <ClInclude Include="src\simulator\Simulator.h" />
  </ItemGroup>
</Project>